
Microsoft Visual Studio Solution File, Format Version 12.00
# Visual Studio Version 17
VisualStudioVersion = 17.0.31903.59
MinimumVisualStudioVersion = 10.0.40219.1
Project("{FAE04EC0-301F-11D3-BF4B-00C04F79EFBC}") = "UI", "UI\UI.csproj", "{96A0C606-B2B3-473E-9DD3-720BC9E81D15}"
EndProject
Project("{FAE04EC0-301F-11D3-BF4B-00C04F79EFBC}") = "Engine", "Engine\Engine.csproj", "{9BD070B9-CD15-4838-A7FF-4965E129F232}"
EndProject
Global
	GlobalSection(SolutionConfigurationPlatforms) = preSolution
		Debug|Any CPU = Debug|Any CPU
		Release|Any CPU = Release|Any CPU
	EndGlobalSection
	GlobalSection(ProjectConfigurationPlatforms) = postSolution
		{96A0C606-B2B3-473E-9DD3-720BC9E81D15}.Debug|Any CPU.ActiveCfg = Debug|Any CPU
		{96A0C606-B2B3-473E-9DD3-720BC9E81D15}.Debug|Any CPU.Build.0 = Debug|Any CPU
		{96A0C606-B2B3-473E-9DD3-720BC9E81D15}.Release|Any CPU.ActiveCfg = Release|Any CPU
		{96A0C606-B2B3-473E-9DD3-720BC9E81D15}.Release|Any CPU.Build.0 = Release|Any CPU
		{9BD070B9-CD15-4838-A7FF-4965E129F232}.Debug|Any CPU.ActiveCfg = Debug|Any CPU
		{9BD070B9-CD15-4838-A7FF-4965E129F232}.Debug|Any CPU.Build.0 = Debug|Any CPU
		{9BD070B9-CD15-4838-A7FF-4965E129F232}.Release|Any CPU.ActiveCfg = Release|Any CPU
		{9BD070B9-CD15-4838-A7FF-4965E129F232}.Release|Any CPU.Build.0 = Release|Any CPU
	EndGlobalSection
	GlobalSection(SolutionProperties) = preSolution
		HideSolutionNode = FALSE
	EndGlobalSection
	GlobalSection(ExtensibilityGlobals) = postSolution
		SolutionGuid = {F67D1CA8-7B37-4F3C-9B55-3E91D83FB03C}
	EndGlobalSection
EndGlobal
